
Microsoft Visual Studio Solution File, Format Version 12.00
Project("{FAE04EC0-301F-11D3-BF4B-00C04F79EFBC}") = "TestBed", "TestBed\TestBed.csproj", "{659BB512-B64D-4633-A6C9-7955EAE0AEBC}"
EndProject
Global
	GlobalSection(SolutionConfigurationPlatforms) = preSolution
		Debug|Any CPU = Debug|Any CPU
		Release|Any CPU = Release|Any CPU
	EndGlobalSection
	GlobalSection(ProjectConfigurationPlatforms) = postSolution
		{659BB512-B64D-4633-A6C9-7955EAE0AEBC}.Debug|Any CPU.ActiveCfg = Debug|Any CPU
		{659BB512-B64D-4633-A6C9-7955EAE0AEBC}.Debug|Any CPU.Build.0 = Debug|Any CPU
		{659BB512-B64D-4633-A6C9-7955EAE0AEBC}.Release|Any CPU.ActiveCfg = Release|Any CPU
		{659BB512-B64D-4633-A6C9-7955EAE0AEBC}.Release|Any CPU.Build.0 = Release|Any CPU
	EndGlobalSection
EndGlobal
